
Microsoft Visual Studio Solution File, Format Version 12.00
# Visual Studio 15
VisualStudioVersion = 15.0.28307.539
MinimumVisualStudioVersion = 10.0.40219.1
Project("{FAE04EC0-301F-11D3-BF4B-00C04F79EFBC}") = "SWD.FactorySuperSorter", "SWD.FactorySuperSorter\SWD.FactorySuperSorter.csproj", "{50EBDB19-40B5-4147-B9CC-B1D2B3D8700A}"
EndProject
Global
	GlobalSection(SolutionConfigurationPlatforms) = preSolution
		Debug|Any CPU = Debug|Any CPU
		Release|Any CPU = Release|Any CPU
	EndGlobalSection
	GlobalSection(ProjectConfigurationPlatforms) = postSolution
		{50EBDB19-40B5-4147-B9CC-B1D2B3D8700A}.Debug|Any CPU.ActiveCfg = Debug|Any CPU
		{50EBDB19-40B5-4147-B9CC-B1D2B3D8700A}.Debug|Any CPU.Build.0 = Debug|Any CPU
		{50EBDB19-40B5-4147-B9CC-B1D2B3D8700A}.Release|Any CPU.ActiveCfg = Release|Any CPU
		{50EBDB19-40B5-4147-B9CC-B1D2B3D8700A}.Release|Any CPU.Build.0 = Release|Any CPU
	EndGlobalSection
	GlobalSection(SolutionProperties) = preSolution
		HideSolutionNode = FALSE
	EndGlobalSection
	GlobalSection(ExtensibilityGlobals) = postSolution
		SolutionGuid = {7A88E00A-2589-424E-9BB7-3F4DA7407664}
	EndGlobalSection
EndGlobal
